{
  "version": "4",
  "specifiers": {
    "jsr:@es-toolkit/es-toolkit@^1.30.1": "1.31.0",
    "jsr:@hongminhee/dejs@~0.10.5+jsr.1": "0.10.5+jsr.1",
    "jsr:@std/assert@1": "1.0.11",
    "jsr:@std/bytes@^1.0.2": "1.0.4",
    "jsr:@std/cli@^1.0.8": "1.0.11",
    "jsr:@std/encoding@^1.0.5": "1.0.6",
    "jsr:@std/fmt@^1.0.3": "1.0.4",
    "jsr:@std/html@^1.0.3": "1.0.3",
    "jsr:@std/http@*": "1.0.12",
    "jsr:@std/http@^1.0.12": "1.0.12",
    "jsr:@std/internal@^1.0.5": "1.0.5",
    "jsr:@std/io@~0.224.9": "0.224.9",
    "jsr:@std/media-types@^1.1.0": "1.1.0",
    "jsr:@std/net@^1.0.4": "1.0.4",
    "jsr:@std/path@^1.0.8": "1.0.8",
    "jsr:@std/streams@^1.0.8": "1.0.8"
  },
  "jsr": {
    "@es-toolkit/es-toolkit@1.31.0": {
      "integrity": "58479e1c72e58177a937bafd342504f32e1cdc922603835f06af9ef79f8203ed"
    },
    "@hongminhee/dejs@0.10.5+jsr.1": {
      "integrity": "e558283046bf76540eba4525c6f95799608c7d26a2cf7874ccd1d96918bb6743",
      "dependencies": [
        "jsr:@es-toolkit/es-toolkit",
        "jsr:@std/io"
      ]
    },
    "@std/assert@1.0.11": {
      "integrity": "2461ef3c368fe88bc60e186e7744a93112f16fd110022e113a0849e94d1c83c1",
      "dependencies": [
        "jsr:@std/internal"
      ]
    },
    "@std/bytes@1.0.4": {
      "integrity": "11a0debe522707c95c7b7ef89b478c13fb1583a7cfb9a85674cd2cc2e3a28abc"
    },
    "@std/cli@1.0.11": {
      "integrity": "ec219619fdcd31bcf0d8e53bee1e2706ec9a02f70255365a094f69755dadd340"
    },
    "@std/encoding@1.0.6": {
      "integrity": "ca87122c196e8831737d9547acf001766618e78cd8c33920776c7f5885546069"
    },
    "@std/fmt@1.0.4": {
      "integrity": "e14fe5bedee26f80877e6705a97a79c7eed599e81bb1669127ef9e8bc1e29a74"
    },
    "@std/html@1.0.3": {
      "integrity": "7a0ac35e050431fb49d44e61c8b8aac1ebd55937e0dc9ec6409aa4bab39a7988"
    },
    "@std/http@1.0.12": {
      "integrity": "85246d8bfe9c8e2538518725b158bdc31f616e0869255f4a8d9e3de919cab2aa",
      "dependencies": [
        "jsr:@std/cli",
        "jsr:@std/encoding",
        "jsr:@std/fmt",
        "jsr:@std/html",
        "jsr:@std/media-types",
        "jsr:@std/net",
        "jsr:@std/path",
        "jsr:@std/streams"
      ]
    },
    "@std/internal@1.0.5": {
      "integrity": "54a546004f769c1ac9e025abd15a76b6671ddc9687e2313b67376125650dc7ba"
    },
    "@std/io@0.224.9": {
      "integrity": "4414664b6926f665102e73c969cfda06d2c4c59bd5d0c603fd4f1b1c840d6ee3",
      "dependencies": [
        "jsr:@std/bytes"
      ]
    },
    "@std/media-types@1.1.0": {
      "integrity": "c9d093f0c05c3512932b330e3cc1fe1d627b301db33a4c2c2185c02471d6eaa4"
    },
    "@std/net@1.0.4": {
      "integrity": "2f403b455ebbccf83d8a027d29c5a9e3a2452fea39bb2da7f2c04af09c8bc852"
    },
    "@std/path@1.0.8": {
      "integrity": "548fa456bb6a04d3c1a1e7477986b6cffbce95102d0bb447c67c4ee70e0364be"
    },
    "@std/streams@1.0.8": {
      "integrity": "b41332d93d2cf6a82fe4ac2153b930adf1a859392931e2a19d9fabfb6f154fb3"
    }
  },
  "remote": {
    "https://deno.land/std@0.102.0/_util/assert.ts": "2f868145a042a11d5ad0a3c748dcf580add8a0dbc0e876eaa0026303a5488f58",
    "https://deno.land/std@0.102.0/bytes/bytes_list.ts": "a13287edb03f19d27ba4927dec6d6de3e5bd46254cd4aee6f7e5815810122673",
    "https://deno.land/std@0.102.0/bytes/mod.ts": "1ae1ccfe98c4b979f12b015982c7444f81fcb921bea7aa215bf37d84f46e1e13",
    "https://deno.land/std@0.102.0/fmt/colors.ts": "d2f8355f00a74404668fc5a1e4a92983ce1a9b0a6ac1d40efbd681cb8f519586",
    "https://deno.land/std@0.102.0/io/buffer.ts": "3ead6bb11276ebcf093c403f74f67fd2205a515dbbb9061862c468ca56f37cd8",
    "https://deno.land/std@0.102.0/io/bufio.ts": "6024117aa37f8d21a116654bd5ca5191d803f6492bbc744e3cee5054d0e900d1",
    "https://deno.land/std@0.102.0/io/util.ts": "2dc42adca801a8d2be9074cebd3be9b693667e07e0edb545fcab906b27514149",
    "https://deno.land/std@0.102.0/testing/_diff.ts": "5d3693155f561d1a5443ac751ac70aab9f5d67b4819a621d4b96b8a1a1c89620",
    "https://deno.land/std@0.102.0/testing/asserts.ts": "40740a6a16efd07e052cac8280a8c7c445a81131f00a2bd5d8c3e851dfa2ef90",
    "https://deno.land/std@0.175.0/_util/asserts.ts": "178dfc49a464aee693a7e285567b3d0b555dc805ff490505a8aae34f9cfb1462",
    "https://deno.land/std@0.175.0/_util/os.ts": "d932f56d41e4f6a6093d56044e29ce637f8dcc43c5a90af43504a889cf1775e3",
    "https://deno.land/std@0.175.0/async/abortable.ts": "73acfb3ed7261ce0d930dbe89e43db8d34e017b063cf0eaa7d215477bf53442e",
    "https://deno.land/std@0.175.0/async/deadline.ts": "b98e50d2c42399af03ad13bbb8cf59dadb9f0cd5d70648cc0c3b9202d75ab565",
    "https://deno.land/std@0.175.0/async/debounce.ts": "adab11d04ca38d699444ac8a9d9856b4155e8dda2afd07ce78276c01ea5a4332",
    "https://deno.land/std@0.175.0/async/deferred.ts": "42790112f36a75a57db4a96d33974a936deb7b04d25c6084a9fa8a49f135def8",
    "https://deno.land/std@0.175.0/async/delay.ts": "73aa04cec034c84fc748c7be49bb15cac3dd43a57174bfdb7a4aec22c248f0dd",
    "https://deno.land/std@0.175.0/async/mod.ts": "f04344fa21738e5ad6bea37a6bfffd57c617c2d372bb9f9dcfd118a1b622e576",
    "https://deno.land/std@0.175.0/async/mux_async_iterator.ts": "70c7f2ee4e9466161350473ad61cac0b9f115cff4c552eaa7ef9d50c4cbb4cc9",
    "https://deno.land/std@0.175.0/async/pool.ts": "fd082bd4aaf26445909889435a5c74334c017847842ec035739b4ae637ae8260",
    "https://deno.land/std@0.175.0/async/retry.ts": "5efa3ba450ac0c07a40a82e2df296287b5013755d232049efd7ea2244f15b20f",
    "https://deno.land/std@0.175.0/async/tee.ts": "47e42d35f622650b02234d43803d0383a89eb4387e1b83b5a40106d18ae36757",
    "https://deno.land/std@0.175.0/collections/_utils.ts": "5114abc026ddef71207a79609b984614e66a63a4bda17d819d56b0e72c51527e",
    "https://deno.land/std@0.175.0/collections/deep_merge.ts": "5a8ed29030f4471a5272785c57c3455fa79697b9a8f306013a8feae12bafc99a",
    "https://deno.land/std@0.175.0/crypto/_fnv/fnv32.ts": "e4649dfdefc5c987ed53c3c25db62db771a06d9d1b9c36d2b5cf0853b8e82153",
    "https://deno.land/std@0.175.0/crypto/_fnv/fnv64.ts": "bfa0e4702061fdb490a14e6bf5f9168a22fb022b307c5723499469bfefca555e",
    "https://deno.land/std@0.175.0/crypto/_fnv/index.ts": "169c213eb75de2d6738c1ed66a8e5782bd222b70b187cc4e7fb7b73edfcf0927",
    "https://deno.land/std@0.175.0/crypto/_fnv/util.ts": "accba12bfd80a352e32a872f87df2a195e75561f1b1304a4cb4f5a4648d288f9",
    "https://deno.land/std@0.175.0/crypto/_util.ts": "0522d1466e3c92df84cea94da85dbb7bd93e629dacb2aa5b39cab432ab7cb3d6",
    "https://deno.land/std@0.175.0/crypto/_wasm/lib/deno_std_wasm_crypto.generated.mjs": "5dedb7f9aa05f0e18ed017691c58df5f4686e4cbbd70368c6f896e5cca03f2b4",
    "https://deno.land/std@0.175.0/crypto/_wasm/mod.ts": "e2df88236fc061eac7a89e8cb0b97843f5280b08b2a990e473b7397a3e566003",
    "https://deno.land/std@0.175.0/crypto/crypto.ts": "d5ce53784ab7b1348095389426a7ea98536223fb143812ecb50724a0aa1ec657",
    "https://deno.land/std@0.175.0/crypto/keystack.ts": "877ab0f19eb7d37ad6495190d3c3e39f58e9c52e0b6a966f82fd6df67ca55f90",
    "https://deno.land/std@0.175.0/crypto/mod.ts": "885738e710868202d7328305b0c0c134e36a2d9c98ceab9513ea2442863c00eb",
    "https://deno.land/std@0.175.0/crypto/timing_safe_equal.ts": "8d69ab611c67fe51b6127d97fcfb4d8e7d0e1b6b4f3e0cc4ab86744c3691f965",
    "https://deno.land/std@0.175.0/crypto/to_hash_string.ts": "fe4e95239d7afb617f469bc2f76ff20f888ddb8d1385e0d92276f6e4d5a809d1",
    "https://deno.land/std@0.175.0/encoding/base64.ts": "7de04c2f8aeeb41453b09b186480be90f2ff357613b988e99fabb91d2eeceba1",
    "https://deno.land/std@0.175.0/encoding/base64url.ts": "3f1178f6446834457b16bfde8b559c1cd3481727fe384d3385e4a9995dc2d851",
    "https://deno.land/std@0.175.0/encoding/hex.ts": "50f8c95b52eae24395d3dfcb5ec1ced37c5fe7610ef6fffdcc8b0fdc38e3b32f",
    "https://deno.land/std@0.175.0/flags/mod.ts": "d1cdefa18472ef69858a17df5cf7c98445ed27ac10e1460183081303b0ebc270",
    "https://deno.land/std@0.175.0/fmt/colors.ts": "938c5d44d889fb82eff6c358bea8baa7e85950a16c9f6dae3ec3a7a729164471",
    "https://deno.land/std@0.175.0/http/file_server.ts": "8c6f1b12966063aa83e943f20c3a4e4871a23bf832cd548a8d5c2437364c283b",
    "https://deno.land/std@0.175.0/http/http_status.ts": "8a7bcfe3ac025199ad804075385e57f63d055b2aed539d943ccc277616d6f932",
    "https://deno.land/std@0.175.0/http/server.ts": "cbb17b594651215ba95c01a395700684e569c165a567e4e04bba327f41197433",
    "https://deno.land/std@0.175.0/http/util.ts": "36c0b60c031f9e2ba024353ed11693f76c714551f9e766b36cdaacda54f25a21",
    "https://deno.land/std@0.175.0/media_types/_db.ts": "7606d83e31f23ce1a7968cbaee852810c2cf477903a095696cdc62eaab7ce570",
    "https://deno.land/std@0.175.0/media_types/_util.ts": "916efbd30b6148a716f110e67a4db29d6949bf4048997b754415dd7e42c52378",
    "https://deno.land/std@0.175.0/media_types/content_type.ts": "c682589a0aeb016bfed355cc1ed6fbb3ead2ea48fc0000ac5de6a5730613ad1c",
    "https://deno.land/std@0.175.0/media_types/format_media_type.ts": "1e35e16562e5c417401ffc388a9f8f421f97f0ee06259cbe990c51bae4e6c7a8",
    "https://deno.land/std@0.175.0/media_types/get_charset.ts": "8be15a1fd31a545736b91ace56d0e4c66ea0d7b3fdc5c90760e8202e7b4b1fad",
    "https://deno.land/std@0.175.0/media_types/parse_media_type.ts": "bed260d868ea271445ae41d748e7afed9b5a7f407d2777ead08cecf73e9278de",
    "https://deno.land/std@0.175.0/media_types/type_by_extension.ts": "6076a7fc63181d70f92ec582fdea2c927eb2cfc7f9c9bee9d6add2aca86f2355",
    "https://deno.land/std@0.175.0/media_types/vendor/mime-db.v1.52.0.ts": "6925bbcae81ca37241e3f55908d0505724358cda3384eaea707773b2c7e99586",
    "https://deno.land/std@0.175.0/path/_constants.ts": "e49961f6f4f48039c0dfed3c3f93e963ca3d92791c9d478ac5b43183413136e0",
    "https://deno.land/std@0.175.0/path/_interface.ts": "6471159dfbbc357e03882c2266d21ef9afdb1e4aa771b0545e90db58a0ba314b",
    "https://deno.land/std@0.175.0/path/_util.ts": "d7abb1e0dea065f427b89156e28cdeb32b045870acdf865833ba808a73b576d0",
    "https://deno.land/std@0.175.0/path/common.ts": "ee7505ab01fd22de3963b64e46cff31f40de34f9f8de1fff6a1bd2fe79380000",
    "https://deno.land/std@0.175.0/path/glob.ts": "d479e0a695621c94d3fd7fe7abd4f9499caf32a8de13f25073451c6ef420a4e1",
    "https://deno.land/std@0.175.0/path/mod.ts": "4b83694ac500d7d31b0cdafc927080a53dc0c3027eb2895790fb155082b0d232",
    "https://deno.land/std@0.175.0/path/posix.ts": "8b7c67ac338714b30c816079303d0285dd24af6b284f7ad63da5b27372a2c94d",
    "https://deno.land/std@0.175.0/path/separator.ts": "0fb679739d0d1d7bf45b68dacfb4ec7563597a902edbaf3c59b50d5bcadd93b1",
    "https://deno.land/std@0.175.0/path/win32.ts": "d186344e5583bcbf8b18af416d13d82b35a317116e6460a5a3953508c3de5bba",
    "https://deno.land/std@0.175.0/version.ts": "5ec8af409e39131cf1f79332ea44f25601694bcb7629f5cc6cdf6f8395c71732",
    "https://deno.land/x/dejs@0.10.0/mod.ts": "d458a4f99319a144761c3e4db0aaed11239d5e62094bf66de71c5ee2fe4c9ef6",
    "https://deno.land/x/dejs@0.10.0/vendor/https/deno.land/std/io/buffer.ts": "17c944acd74b7a01a847fe322c30c43586368f8f8271a33e4a434688b022fe83",
    "https://deno.land/x/dejs@0.10.0/vendor/https/deno.land/std/io/bufio.ts": "2b52b04103e3da6415d5115d5831878bfa747c9e8ed4c8c62863daddab4c27ca",
    "https://deno.land/x/dejs@0.10.0/vendor/https/deno.land/std/io/util.ts": "36c84d7a30c771f3570a145be1e8b168efd42caeb2d84fef164989d134dcad3f",
    "https://deno.land/x/dejs@0.10.0/vendor/https/deno.land/x/lodash/escape.js": "653e406a1b9c947918c124ddbfb8d39d5cebe86884b819974b5de13279d52df5",
    "https://deno.land/x/lodash@4.17.15-es/_Symbol.js": "631160c3c0cbd05ec8a3d1934ded4a312504a29f04a00be2b29372d00dd6bc6d",
    "https://deno.land/x/lodash@4.17.15-es/_arrayMap.js": "ae3521733bd602f0f0443562ca13d3d1c8f42e130d4d4b0deacd931b68b0c60b",
    "https://deno.land/x/lodash@4.17.15-es/_baseGetTag.js": "3a9eebe37ba231eff0380b5f76ac5b5fcee4590665642fd052d77aa51c7d063f",
    "https://deno.land/x/lodash@4.17.15-es/_basePropertyOf.js": "a62950da12b7236a1524bc1191d43ed2edc6e93827f1b12e903d71f9f262e15b",
    "https://deno.land/x/lodash@4.17.15-es/_baseToString.js": "dc45840c564e75b058f8492a207d84a80629facdc33d80c4f05018aacdad675b",
    "https://deno.land/x/lodash@4.17.15-es/_escapeHtmlChar.js": "96451046e1ca9a2e38dafdd0635f163976631bea1a32688bfbed105f1c224940",
    "https://deno.land/x/lodash@4.17.15-es/_freeGlobal.js": "0b65c37b3c1ce6d1800cb59a330dde73f1009f0d10eeaf8fd45f7607b87db4c5",
    "https://deno.land/x/lodash@4.17.15-es/_getRawTag.js": "0023dec54160317b70d52df1d7918638bc16a2869b1bf355f0a4f3e755aa6faf",
    "https://deno.land/x/lodash@4.17.15-es/_objectToString.js": "8f1bb6043dc27219e71dfae28900a7f214a0856118a628efeb120169fe46fe8c",
    "https://deno.land/x/lodash@4.17.15-es/_root.js": "df58ff96c454ca91ace20d20e6af49b354c70dfba7e737adc00cd23e8ff77168",
    "https://deno.land/x/lodash@4.17.15-es/escape.js": "7babdce893618e4104b3baec5664f7d645b9a18d38e94ed09c4430ebb0f0a0ff",
    "https://deno.land/x/lodash@4.17.15-es/isArray.js": "0d9bcdfdf53955d9253076ddd68e0b992b2c91fb8364baa2ca971e57cbb74e4b",
    "https://deno.land/x/lodash@4.17.15-es/isObjectLike.js": "e45d69136695e8568c6fb3c7327f96ac1a8ff7284b1b22f26fb4654255fd0c6c",
    "https://deno.land/x/lodash@4.17.15-es/isSymbol.js": "f0dc1666c3cec2306cd4fd0f63a9a7ab1f25ed21d2db6664b1edc81bd3641a41",
    "https://deno.land/x/lodash@4.17.15-es/toString.js": "3f4c8d942944c3fe622e9fba36275b6291e834113619b266909822becfa94976"
  },
  "workspace": {
    "dependencies": [
      "jsr:@hongminhee/dejs@~0.10.5+jsr.1",
      "jsr:@std/assert@1",
      "jsr:@std/http@^1.0.12"
    ]
  }
}
